// !$*UTF8*$!
{
	archiveVersion = 1;
	classes = {
	};
	objectVersion = 56;
	objects = {

/* Begin PBXBuildFile section */
		10A3DD742AD7CE3000B740FE /* BasicImageView.swift in Sources */ = {isa = PBXBuildFile; fileRef = 10A3DD712AD7CE3000B740FE /* BasicImageView.swift */; };
		10A3DD752AD7CE3000B740FE /* EmptyMessageStackView.swift in Sources */ = {isa = PBXBuildFile; fileRef = 10A3DD722AD7CE3000B740FE /* EmptyMessageStackView.swift */; };
		10A3DD762AD7CE3000B740FE /* BasicCell.swift in Sources */ = {isa = PBXBuildFile; fileRef = 10A3DD732AD7CE3000B740FE /* BasicCell.swift */; };
		10C1E80C2AD7CC4D0081EBC3 /* GalleryCollectionViewCell.swift in Sources */ = {isa = PBXBuildFile; fileRef = 10C1E80B2AD7CC4D0081EBC3 /* GalleryCollectionViewCell.swift */; };
		10C265B22AD55BBF002BA40A /* AppDelegate.swift in Sources */ = {isa = PBXBuildFile; fileRef = 10C265B12AD55BBF002BA40A /* AppDelegate.swift */; };
		10C265B42AD55BBF002BA40A /* SceneDelegate.swift in Sources */ = {isa = PBXBuildFile; fileRef = 10C265B32AD55BBF002BA40A /* SceneDelegate.swift */; };
		10C265B62AD55BBF002BA40A /* HomeViewController.swift in Sources */ = {isa = PBXBuildFile; fileRef = 10C265B52AD55BBF002BA40A /* HomeViewController.swift */; };
		10C265BC2AD55BBF002BA40A /* IDo.xcdatamodeld in Sources */ = {isa = PBXBuildFile; fileRef = 10C265BA2AD55BBF002BA40A /* IDo.xcdatamodeld */; };
		10C265BE2AD55BC2002BA40A /* Assets.xcassets in Resources */ = {isa = PBXBuildFile; fileRef = 10C265BD2AD55BC2002BA40A /* Assets.xcassets */; };
		10C265C12AD55BC2002BA40A /* LaunchScreen.storyboard in Resources */ = {isa = PBXBuildFile; fileRef = 10C265BF2AD55BC2002BA40A /* LaunchScreen.storyboard */; };
		10C265CA2AD55C81002BA40A /* SnapKit in Frameworks */ = {isa = PBXBuildFile; productRef = 10C265C92AD55C81002BA40A /* SnapKit */; };
		10CBA0382AD6455400F1DA37 /* TabBarController.swift in Sources */ = {isa = PBXBuildFile; fileRef = 10CBA0372AD6455400F1DA37 /* TabBarController.swift */; };
		10CBA03A2AD6464B00F1DA37 /* CategoryViewController.swift in Sources */ = {isa = PBXBuildFile; fileRef = 10CBA0392AD6464A00F1DA37 /* CategoryViewController.swift */; };
		10CBA03C2AD6465600F1DA37 /* NoticeViewController.swift in Sources */ = {isa = PBXBuildFile; fileRef = 10CBA03B2AD6465600F1DA37 /* NoticeViewController.swift */; };
		10CBA03E2AD6466400F1DA37 /* MyProfileViewController.swift in Sources */ = {isa = PBXBuildFile; fileRef = 10CBA03D2AD6466400F1DA37 /* MyProfileViewController.swift */; };
		10CBA0442AD646CE00F1DA37 /* Margin.swift in Sources */ = {isa = PBXBuildFile; fileRef = 10CBA0432AD646CE00F1DA37 /* Margin.swift */; };
		10CBA04A2AD6665C00F1DA37 /* NoticeBoardViewController.swift in Sources */ = {isa = PBXBuildFile; fileRef = 10CBA0492AD6665C00F1DA37 /* NoticeBoardViewController.swift */; };
		10CBA04C2AD666F700F1DA37 /* NoticeBoardView.swift in Sources */ = {isa = PBXBuildFile; fileRef = 10CBA04B2AD666F700F1DA37 /* NoticeBoardView.swift */; };
		10CBA04E2AD6678800F1DA37 /* NoticeBoardTableViewCell.swift in Sources */ = {isa = PBXBuildFile; fileRef = 10CBA04D2AD6678800F1DA37 /* NoticeBoardTableViewCell.swift */; };
		10CBA0512AD6711900F1DA37 /* CreateNoticeBoardViewController.swift in Sources */ = {isa = PBXBuildFile; fileRef = 10CBA0502AD6711900F1DA37 /* CreateNoticeBoardViewController.swift */; };
		10CBA0532AD6713C00F1DA37 /* CreateNoticeBoardView.swift in Sources */ = {isa = PBXBuildFile; fileRef = 10CBA0522AD6713C00F1DA37 /* CreateNoticeBoardView.swift */; };
		180C33692AD642B6000979F7 /* Font.swift in Sources */ = {isa = PBXBuildFile; fileRef = 180C33672AD642B6000979F7 /* Font.swift */; };
		180C336A2AD642B6000979F7 /* Color.swift in Sources */ = {isa = PBXBuildFile; fileRef = 180C33682AD642B6000979F7 /* Color.swift */; };
		7FA208612AD6A191005C66ED /* MeetingCreateViewController.swift in Sources */ = {isa = PBXBuildFile; fileRef = 7FA208602AD6A191005C66ED /* MeetingCreateViewController.swift */; };
		7FA208632AD6A1BC005C66ED /* MeetingManageViewController.swift in Sources */ = {isa = PBXBuildFile; fileRef = 7FA208622AD6A1BC005C66ED /* MeetingManageViewController.swift */; };
		7FA208662AD6A89F005C66ED /* MeetingProfileImage.swift in Sources */ = {isa = PBXBuildFile; fileRef = 7FA208652AD6A89F005C66ED /* MeetingProfileImage.swift */; };
		E73D73D92AD7BD2300EF9554 /* NoticeCell.swift in Sources */ = {isa = PBXBuildFile; fileRef = E73D73D82AD7BD2300EF9554 /* NoticeCell.swift */; };
		E73D73DC2AD7D14000EF9554 /* Tabman in Frameworks */ = {isa = PBXBuildFile; productRef = E73D73DB2AD7D14000EF9554 /* Tabman */; };
		E74C58E92AD65E1200C2DEF5 /* CategoryCell.swift in Sources */ = {isa = PBXBuildFile; fileRef = E74C58E82AD65E1100C2DEF5 /* CategoryCell.swift */; };
		E74C58EF2AD6B1B300C2DEF5 /* MeetingViewController.swift in Sources */ = {isa = PBXBuildFile; fileRef = E74C58EE2AD6B1B300C2DEF5 /* MeetingViewController.swift */; };
/* End PBXBuildFile section */

/* Begin PBXFileReference section */
		10A3DD712AD7CE3000B740FE /* BasicImageView.swift */ = {isa = PBXFileReference; fileEncoding = 4; lastKnownFileType = sourcecode.swift; name = BasicImageView.swift; path = IDo/View/BasicImageView.swift; sourceTree = SOURCE_ROOT; };
		10A3DD722AD7CE3000B740FE /* EmptyMessageStackView.swift */ = {isa = PBXFileReference; fileEncoding = 4; lastKnownFileType = sourcecode.swift; name = EmptyMessageStackView.swift; path = IDo/View/EmptyMessageStackView.swift; sourceTree = SOURCE_ROOT; };
		10A3DD732AD7CE3000B740FE /* BasicCell.swift */ = {isa = PBXFileReference; fileEncoding = 4; lastKnownFileType = sourcecode.swift; name = BasicCell.swift; path = IDo/View/BasicCell.swift; sourceTree = SOURCE_ROOT; };
		10C1E80B2AD7CC4D0081EBC3 /* GalleryCollectionViewCell.swift */ = {isa = PBXFileReference; lastKnownFileType = sourcecode.swift; path = GalleryCollectionViewCell.swift; sourceTree = "<group>"; };
		10C265AE2AD55BBF002BA40A /* IDo.app */ = {isa = PBXFileReference; explicitFileType = wrapper.application; includeInIndex = 0; path = IDo.app; sourceTree = BUILT_PRODUCTS_DIR; };
		10C265B12AD55BBF002BA40A /* AppDelegate.swift */ = {isa = PBXFileReference; lastKnownFileType = sourcecode.swift; path = AppDelegate.swift; sourceTree = "<group>"; };
		10C265B32AD55BBF002BA40A /* SceneDelegate.swift */ = {isa = PBXFileReference; lastKnownFileType = sourcecode.swift; path = SceneDelegate.swift; sourceTree = "<group>"; };
		10C265B52AD55BBF002BA40A /* HomeViewController.swift */ = {isa = PBXFileReference; lastKnownFileType = sourcecode.swift; path = HomeViewController.swift; sourceTree = "<group>"; };
		10C265BB2AD55BBF002BA40A /* IDo.xcdatamodel */ = {isa = PBXFileReference; lastKnownFileType = wrapper.xcdatamodel; path = IDo.xcdatamodel; sourceTree = "<group>"; };
		10C265BD2AD55BC2002BA40A /* Assets.xcassets */ = {isa = PBXFileReference; lastKnownFileType = folder.assetcatalog; path = Assets.xcassets; sourceTree = "<group>"; };
		10C265C02AD55BC2002BA40A /* Base */ = {isa = PBXFileReference; lastKnownFileType = file.storyboard; name = Base; path = Base.lproj/LaunchScreen.storyboard; sourceTree = "<group>"; };
		10C265C22AD55BC2002BA40A /* Info.plist */ = {isa = PBXFileReference; lastKnownFileType = text.plist.xml; path = Info.plist; sourceTree = "<group>"; };
		10CBA0372AD6455400F1DA37 /* TabBarController.swift */ = {isa = PBXFileReference; lastKnownFileType = sourcecode.swift; path = TabBarController.swift; sourceTree = "<group>"; };
		10CBA0392AD6464A00F1DA37 /* CategoryViewController.swift */ = {isa = PBXFileReference; lastKnownFileType = sourcecode.swift; path = CategoryViewController.swift; sourceTree = "<group>"; };
		10CBA03B2AD6465600F1DA37 /* NoticeViewController.swift */ = {isa = PBXFileReference; lastKnownFileType = sourcecode.swift; path = NoticeViewController.swift; sourceTree = "<group>"; };
		10CBA03D2AD6466400F1DA37 /* MyProfileViewController.swift */ = {isa = PBXFileReference; lastKnownFileType = sourcecode.swift; path = MyProfileViewController.swift; sourceTree = "<group>"; };
		10CBA0432AD646CE00F1DA37 /* Margin.swift */ = {isa = PBXFileReference; lastKnownFileType = sourcecode.swift; path = Margin.swift; sourceTree = "<group>"; };
		10CBA0492AD6665C00F1DA37 /* NoticeBoardViewController.swift */ = {isa = PBXFileReference; lastKnownFileType = sourcecode.swift; path = NoticeBoardViewController.swift; sourceTree = "<group>"; };
		10CBA04B2AD666F700F1DA37 /* NoticeBoardView.swift */ = {isa = PBXFileReference; lastKnownFileType = sourcecode.swift; path = NoticeBoardView.swift; sourceTree = "<group>"; };
		10CBA04D2AD6678800F1DA37 /* NoticeBoardTableViewCell.swift */ = {isa = PBXFileReference; lastKnownFileType = sourcecode.swift; path = NoticeBoardTableViewCell.swift; sourceTree = "<group>"; };
		10CBA0502AD6711900F1DA37 /* CreateNoticeBoardViewController.swift */ = {isa = PBXFileReference; lastKnownFileType = sourcecode.swift; path = CreateNoticeBoardViewController.swift; sourceTree = "<group>"; };
		10CBA0522AD6713C00F1DA37 /* CreateNoticeBoardView.swift */ = {isa = PBXFileReference; lastKnownFileType = sourcecode.swift; path = CreateNoticeBoardView.swift; sourceTree = "<group>"; };
		180C33672AD642B6000979F7 /* Font.swift */ = {isa = PBXFileReference; fileEncoding = 4; lastKnownFileType = sourcecode.swift; path = Font.swift; sourceTree = "<group>"; };
		180C33682AD642B6000979F7 /* Color.swift */ = {isa = PBXFileReference; fileEncoding = 4; lastKnownFileType = sourcecode.swift; path = Color.swift; sourceTree = "<group>"; };
		7FA208602AD6A191005C66ED /* MeetingCreateViewController.swift */ = {isa = PBXFileReference; lastKnownFileType = sourcecode.swift; path = MeetingCreateViewController.swift; sourceTree = "<group>"; };
		7FA208622AD6A1BC005C66ED /* MeetingManageViewController.swift */ = {isa = PBXFileReference; lastKnownFileType = sourcecode.swift; path = MeetingManageViewController.swift; sourceTree = "<group>"; };
		7FA208652AD6A89F005C66ED /* MeetingProfileImage.swift */ = {isa = PBXFileReference; lastKnownFileType = sourcecode.swift; path = MeetingProfileImage.swift; sourceTree = "<group>"; };
		E73D73D82AD7BD2300EF9554 /* NoticeCell.swift */ = {isa = PBXFileReference; lastKnownFileType = sourcecode.swift; path = NoticeCell.swift; sourceTree = "<group>"; };
		E74C58E82AD65E1100C2DEF5 /* CategoryCell.swift */ = {isa = PBXFileReference; lastKnownFileType = sourcecode.swift; path = CategoryCell.swift; sourceTree = "<group>"; };
		E74C58EE2AD6B1B300C2DEF5 /* MeetingViewController.swift */ = {isa = PBXFileReference; lastKnownFileType = sourcecode.swift; path = MeetingViewController.swift; sourceTree = "<group>"; };
/* End PBXFileReference section */

/* Begin PBXFrameworksBuildPhase section */
		10C265AB2AD55BBF002BA40A /* Frameworks */ = {
			isa = PBXFrameworksBuildPhase;
			buildActionMask = 2147483647;
			files = (
				10C265CA2AD55C81002BA40A /* SnapKit in Frameworks */,
				E73D73DC2AD7D14000EF9554 /* Tabman in Frameworks */,
			);
			runOnlyForDeploymentPostprocessing = 0;
		};
/* End PBXFrameworksBuildPhase section */

/* Begin PBXGroup section */
		10C265A52AD55BBF002BA40A = {
			isa = PBXGroup;
			children = (
				10C265B02AD55BBF002BA40A /* IDo */,
				10C265AF2AD55BBF002BA40A /* Products */,
			);
			sourceTree = "<group>";
		};
		10C265AF2AD55BBF002BA40A /* Products */ = {
			isa = PBXGroup;
			children = (
				10C265AE2AD55BBF002BA40A /* IDo.app */,
			);
			name = Products;
			sourceTree = "<group>";
		};
		10C265B02AD55BBF002BA40A /* IDo */ = {
			isa = PBXGroup;
			children = (
				180C33662AD642B6000979F7 /* Util */,
				10C265B12AD55BBF002BA40A /* AppDelegate.swift */,
				10C265B32AD55BBF002BA40A /* SceneDelegate.swift */,
				10CBA0452AD6476000F1DA37 /* Page */,
				10C265BD2AD55BC2002BA40A /* Assets.xcassets */,
				10C265BF2AD55BC2002BA40A /* LaunchScreen.storyboard */,
				10C265C22AD55BC2002BA40A /* Info.plist */,
				10C265BA2AD55BBF002BA40A /* IDo.xcdatamodeld */,
			);
			path = IDo;
			sourceTree = "<group>";
		};
		10CBA03F2AD6467600F1DA37 /* HomePage */ = {
			isa = PBXGroup;
			children = (
				10C265B52AD55BBF002BA40A /* HomeViewController.swift */,
			);
			path = HomePage;
			sourceTree = "<group>";
		};
		10CBA0402AD6469200F1DA37 /* CategoryPage */ = {
			isa = PBXGroup;
			children = (
				10CBA0392AD6464A00F1DA37 /* CategoryViewController.swift */,
				E74C58EE2AD6B1B300C2DEF5 /* MeetingViewController.swift */,
				E74C58EA2AD65E1800C2DEF5 /* Cell */,
			);
			path = CategoryPage;
			sourceTree = "<group>";
		};
		10CBA0412AD6469F00F1DA37 /* NoticePage */ = {
			isa = PBXGroup;
			children = (
				10CBA03B2AD6465600F1DA37 /* NoticeViewController.swift */,
				E73D73D72AD7BD0B00EF9554 /* Cell */,
			);
			path = NoticePage;
			sourceTree = "<group>";
		};
		10CBA0422AD646AA00F1DA37 /* MyProfilePage */ = {
			isa = PBXGroup;
			children = (
				10CBA03D2AD6466400F1DA37 /* MyProfileViewController.swift */,
			);
			path = MyProfilePage;
			sourceTree = "<group>";
		};
		10CBA0452AD6476000F1DA37 /* Page */ = {
			isa = PBXGroup;
			children = (
				10CBA0482AD6661500F1DA37 /* NoticeBoard */,
				10CBA0372AD6455400F1DA37 /* TabBarController.swift */,
				10CBA0412AD6469F00F1DA37 /* NoticePage */,
				7FA2085F2AD6A16D005C66ED /* MeetingPage */,
				10CBA03F2AD6467600F1DA37 /* HomePage */,
				10CBA0402AD6469200F1DA37 /* CategoryPage */,
				10CBA0422AD646AA00F1DA37 /* MyProfilePage */,
			);
			path = Page;
			sourceTree = "<group>";
		};
		10CBA0482AD6661500F1DA37 /* NoticeBoard */ = {
			isa = PBXGroup;
			children = (
				10CBA0492AD6665C00F1DA37 /* NoticeBoardViewController.swift */,
				10CBA04B2AD666F700F1DA37 /* NoticeBoardView.swift */,
				10CBA04F2AD6678D00F1DA37 /* NoticeBoardCell */,
				10CBA0542AD6B02500F1DA37 /* CreateNoticeBoard */,
			);
			path = NoticeBoard;
			sourceTree = "<group>";
		};
		10CBA04F2AD6678D00F1DA37 /* NoticeBoardCell */ = {
			isa = PBXGroup;
			children = (
				10CBA04D2AD6678800F1DA37 /* NoticeBoardTableViewCell.swift */,
			);
			path = NoticeBoardCell;
			sourceTree = "<group>";
		};
		10CBA0542AD6B02500F1DA37 /* CreateNoticeBoard */ = {
			isa = PBXGroup;
			children = (
				10CBA0502AD6711900F1DA37 /* CreateNoticeBoardViewController.swift */,
				10CBA0522AD6713C00F1DA37 /* CreateNoticeBoardView.swift */,
				10C1E80B2AD7CC4D0081EBC3 /* GalleryCollectionViewCell.swift */,
			);
			path = CreateNoticeBoard;
			sourceTree = "<group>";
		};
		180C33662AD642B6000979F7 /* Util */ = {
			isa = PBXGroup;
			children = (
				180C33672AD642B6000979F7 /* Font.swift */,
				180C33682AD642B6000979F7 /* Color.swift */,
				10CBA0432AD646CE00F1DA37 /* Margin.swift */,
			);
			path = Util;
			sourceTree = "<group>";
		};
		7FA2085F2AD6A16D005C66ED /* MeetingPage */ = {
			isa = PBXGroup;
			children = (
				7FA208642AD6A894005C66ED /* View */,
				7FA208602AD6A191005C66ED /* MeetingCreateViewController.swift */,
				7FA208622AD6A1BC005C66ED /* MeetingManageViewController.swift */,
			);
			path = MeetingPage;
			sourceTree = "<group>";
		};
		7FA208642AD6A894005C66ED /* View */ = {
			isa = PBXGroup;
			children = (
				7FA208652AD6A89F005C66ED /* MeetingProfileImage.swift */,
				10A3DD732AD7CE3000B740FE /* BasicCell.swift */,
				10A3DD712AD7CE3000B740FE /* BasicImageView.swift */,
				10A3DD722AD7CE3000B740FE /* EmptyMessageStackView.swift */,
			);
			path = View;
			sourceTree = "<group>";
		};
		E73D73D72AD7BD0B00EF9554 /* Cell */ = {
			isa = PBXGroup;
			children = (
				E73D73D82AD7BD2300EF9554 /* NoticeCell.swift */,
			);
			path = Cell;
			sourceTree = "<group>";
		};
		E74C58EA2AD65E1800C2DEF5 /* Cell */ = {
			isa = PBXGroup;
			children = (
				E74C58E82AD65E1100C2DEF5 /* CategoryCell.swift */,
			);
			path = Cell;
			sourceTree = "<group>";
		};
/* End PBXGroup section */

/* Begin PBXNativeTarget section */
		10C265AD2AD55BBF002BA40A /* IDo */ = {
			isa = PBXNativeTarget;
			buildConfigurationList = 10C265C52AD55BC2002BA40A /* Build configuration list for PBXNativeTarget "IDo" */;
			buildPhases = (
				10C265AA2AD55BBF002BA40A /* Sources */,
				10C265AB2AD55BBF002BA40A /* Frameworks */,
				10C265AC2AD55BBF002BA40A /* Resources */,
			);
			buildRules = (
			);
			dependencies = (
			);
			name = IDo;
			packageProductDependencies = (
				10C265C92AD55C81002BA40A /* SnapKit */,
				E73D73DB2AD7D14000EF9554 /* Tabman */,
			);
			productName = IDo;
			productReference = 10C265AE2AD55BBF002BA40A /* IDo.app */;
			productType = "com.apple.product-type.application";
		};
/* End PBXNativeTarget section */

/* Begin PBXProject section */
		10C265A62AD55BBF002BA40A /* Project object */ = {
			isa = PBXProject;
			attributes = {
				BuildIndependentTargetsInParallel = 1;
				LastSwiftUpdateCheck = 1500;
				LastUpgradeCheck = 1500;
				TargetAttributes = {
					10C265AD2AD55BBF002BA40A = {
						CreatedOnToolsVersion = 15.0;
					};
				};
			};
			buildConfigurationList = 10C265A92AD55BBF002BA40A /* Build configuration list for PBXProject "IDo" */;
			compatibilityVersion = "Xcode 14.0";
			developmentRegion = en;
			hasScannedForEncodings = 0;
			knownRegions = (
				en,
				Base,
			);
			mainGroup = 10C265A52AD55BBF002BA40A;
			packageReferences = (
				10C265C82AD55C81002BA40A /* XCRemoteSwiftPackageReference "SnapKit" */,
				E73D73DA2AD7D14000EF9554 /* XCRemoteSwiftPackageReference "Tabman" */,
			);
			productRefGroup = 10C265AF2AD55BBF002BA40A /* Products */;
			projectDirPath = "";
			projectRoot = "";
			targets = (
				10C265AD2AD55BBF002BA40A /* IDo */,
			);
		};
/* End PBXProject section */

/* Begin PBXResourcesBuildPhase section */
		10C265AC2AD55BBF002BA40A /* Resources */ = {
			isa = PBXResourcesBuildPhase;
			buildActionMask = 2147483647;
			files = (
				10C265C12AD55BC2002BA40A /* LaunchScreen.storyboard in Resources */,
				10C265BE2AD55BC2002BA40A /* Assets.xcassets in Resources */,
			);
			runOnlyForDeploymentPostprocessing = 0;
		};
/* End PBXResourcesBuildPhase section */

/* Begin PBXSourcesBuildPhase section */
		10C265AA2AD55BBF002BA40A /* Sources */ = {
			isa = PBXSourcesBuildPhase;
			buildActionMask = 2147483647;
			files = (
				10A3DD762AD7CE3000B740FE /* BasicCell.swift in Sources */,
				10CBA03E2AD6466400F1DA37 /* MyProfileViewController.swift in Sources */,
				10C265BC2AD55BBF002BA40A /* IDo.xcdatamodeld in Sources */,
				E74C58EF2AD6B1B300C2DEF5 /* MeetingViewController.swift in Sources */,
				10C265B62AD55BBF002BA40A /* HomeViewController.swift in Sources */,
				10CBA04A2AD6665C00F1DA37 /* NoticeBoardViewController.swift in Sources */,
				180C33692AD642B6000979F7 /* Font.swift in Sources */,
				10C265B22AD55BBF002BA40A /* AppDelegate.swift in Sources */,
				10CBA04E2AD6678800F1DA37 /* NoticeBoardTableViewCell.swift in Sources */,
				7FA208632AD6A1BC005C66ED /* MeetingManageViewController.swift in Sources */,
				10CBA03A2AD6464B00F1DA37 /* CategoryViewController.swift in Sources */,
				10C1E80C2AD7CC4D0081EBC3 /* GalleryCollectionViewCell.swift in Sources */,
				10CBA0382AD6455400F1DA37 /* TabBarController.swift in Sources */,
				10C265B42AD55BBF002BA40A /* SceneDelegate.swift in Sources */,
				10CBA0512AD6711900F1DA37 /* CreateNoticeBoardViewController.swift in Sources */,
				7FA208662AD6A89F005C66ED /* MeetingProfileImage.swift in Sources */,
				7FA208612AD6A191005C66ED /* MeetingCreateViewController.swift in Sources */,
				10A3DD742AD7CE3000B740FE /* BasicImageView.swift in Sources */,
				10CBA03C2AD6465600F1DA37 /* NoticeViewController.swift in Sources */,
				E73D73D92AD7BD2300EF9554 /* NoticeCell.swift in Sources */,
				180C336A2AD642B6000979F7 /* Color.swift in Sources */,
				10CBA04C2AD666F700F1DA37 /* NoticeBoardView.swift in Sources */,
				10A3DD752AD7CE3000B740FE /* EmptyMessageStackView.swift in Sources */,
				10CBA0442AD646CE00F1DA37 /* Margin.swift in Sources */,
				10CBA0532AD6713C00F1DA37 /* CreateNoticeBoardView.swift in Sources */,
				10CBA0442AD646CE00F1DA37 /* Margin.swift in Sources */,
				E74C58E92AD65E1200C2DEF5 /* CategoryCell.swift in Sources */,
			);
			runOnlyForDeploymentPostprocessing = 0;
		};
/* End PBXSourcesBuildPhase section */

/* Begin PBXVariantGroup section */
		10C265BF2AD55BC2002BA40A /* LaunchScreen.storyboard */ = {
			isa = PBXVariantGroup;
			children = (
				10C265C02AD55BC2002BA40A /* Base */,
			);
			name = LaunchScreen.storyboard;
			sourceTree = "<group>";
		};
/* End PBXVariantGroup section */

/* Begin XCBuildConfiguration section */
		10C265C32AD55BC2002BA40A /* Debug */ = {
			isa = XCBuildConfiguration;
			buildSettings = {
				ALWAYS_SEARCH_USER_PATHS = NO;
				ASSETCATALOG_COMPILER_GENERATE_SWIFT_ASSET_SYMBOL_EXTENSIONS = YES;
				CLANG_ANALYZER_NONNULL = YES;
				CLANG_ANALYZER_NUMBER_OBJECT_CONVERSION = YES_AGGRESSIVE;
				CLANG_CXX_LANGUAGE_STANDARD = "gnu++20";
				CLANG_ENABLE_MODULES = YES;
				CLANG_ENABLE_OBJC_ARC = YES;
				CLANG_ENABLE_OBJC_WEAK = YES;
				CLANG_WARN_BLOCK_CAPTURE_AUTORELEASING = YES;
				CLANG_WARN_BOOL_CONVERSION = YES;
				CLANG_WARN_COMMA = YES;
				CLANG_WARN_CONSTANT_CONVERSION = YES;
				CLANG_WARN_DEPRECATED_OBJC_IMPLEMENTATIONS = YES;
				CLANG_WARN_DIRECT_OBJC_ISA_USAGE = YES_ERROR;
				CLANG_WARN_DOCUMENTATION_COMMENTS = YES;
				CLANG_WARN_EMPTY_BODY = YES;
				CLANG_WARN_ENUM_CONVERSION = YES;
				CLANG_WARN_INFINITE_RECURSION = YES;
				CLANG_WARN_INT_CONVERSION = YES;
				CLANG_WARN_NON_LITERAL_NULL_CONVERSION = YES;
				CLANG_WARN_OBJC_IMPLICIT_RETAIN_SELF = YES;
				CLANG_WARN_OBJC_LITERAL_CONVERSION = YES;
				CLANG_WARN_OBJC_ROOT_CLASS = YES_ERROR;
				CLANG_WARN_QUOTED_INCLUDE_IN_FRAMEWORK_HEADER = YES;
				CLANG_WARN_RANGE_LOOP_ANALYSIS = YES;
				CLANG_WARN_STRICT_PROTOTYPES = YES;
				CLANG_WARN_SUSPICIOUS_MOVE = YES;
				CLANG_WARN_UNGUARDED_AVAILABILITY = YES_AGGRESSIVE;
				CLANG_WARN_UNREACHABLE_CODE = YES;
				CLANG_WARN__DUPLICATE_METHOD_MATCH = YES;
				COPY_PHASE_STRIP = NO;
				DEBUG_INFORMATION_FORMAT = dwarf;
				ENABLE_STRICT_OBJC_MSGSEND = YES;
				ENABLE_TESTABILITY = YES;
				ENABLE_USER_SCRIPT_SANDBOXING = YES;
				GCC_C_LANGUAGE_STANDARD = gnu17;
				GCC_DYNAMIC_NO_PIC = NO;
				GCC_NO_COMMON_BLOCKS = YES;
				GCC_OPTIMIZATION_LEVEL = 0;
				GCC_PREPROCESSOR_DEFINITIONS = (
					"DEBUG=1",
					"$(inherited)",
				);
				GCC_WARN_64_TO_32_BIT_CONVERSION = YES;
				GCC_WARN_ABOUT_RETURN_TYPE = YES_ERROR;
				GCC_WARN_UNDECLARED_SELECTOR = YES;
				GCC_WARN_UNINITIALIZED_AUTOS = YES_AGGRESSIVE;
				GCC_WARN_UNUSED_FUNCTION = YES;
				GCC_WARN_UNUSED_VARIABLE = YES;
				IPHONEOS_DEPLOYMENT_TARGET = 14.0;
				LOCALIZATION_PREFERS_STRING_CATALOGS = YES;
				MTL_ENABLE_DEBUG_INFO = INCLUDE_SOURCE;
				MTL_FAST_MATH = YES;
				ONLY_ACTIVE_ARCH = YES;
				SDKROOT = iphoneos;
				SWIFT_ACTIVE_COMPILATION_CONDITIONS = "DEBUG $(inherited)";
				SWIFT_OPTIMIZATION_LEVEL = "-Onone";
			};
			name = Debug;
		};
		10C265C42AD55BC2002BA40A /* Release */ = {
			isa = XCBuildConfiguration;
			buildSettings = {
				ALWAYS_SEARCH_USER_PATHS = NO;
				ASSETCATALOG_COMPILER_GENERATE_SWIFT_ASSET_SYMBOL_EXTENSIONS = YES;
				CLANG_ANALYZER_NONNULL = YES;
				CLANG_ANALYZER_NUMBER_OBJECT_CONVERSION = YES_AGGRESSIVE;
				CLANG_CXX_LANGUAGE_STANDARD = "gnu++20";
				CLANG_ENABLE_MODULES = YES;
				CLANG_ENABLE_OBJC_ARC = YES;
				CLANG_ENABLE_OBJC_WEAK = YES;
				CLANG_WARN_BLOCK_CAPTURE_AUTORELEASING = YES;
				CLANG_WARN_BOOL_CONVERSION = YES;
				CLANG_WARN_COMMA = YES;
				CLANG_WARN_CONSTANT_CONVERSION = YES;
				CLANG_WARN_DEPRECATED_OBJC_IMPLEMENTATIONS = YES;
				CLANG_WARN_DIRECT_OBJC_ISA_USAGE = YES_ERROR;
				CLANG_WARN_DOCUMENTATION_COMMENTS = YES;
				CLANG_WARN_EMPTY_BODY = YES;
				CLANG_WARN_ENUM_CONVERSION = YES;
				CLANG_WARN_INFINITE_RECURSION = YES;
				CLANG_WARN_INT_CONVERSION = YES;
				CLANG_WARN_NON_LITERAL_NULL_CONVERSION = YES;
				CLANG_WARN_OBJC_IMPLICIT_RETAIN_SELF = YES;
				CLANG_WARN_OBJC_LITERAL_CONVERSION = YES;
				CLANG_WARN_OBJC_ROOT_CLASS = YES_ERROR;
				CLANG_WARN_QUOTED_INCLUDE_IN_FRAMEWORK_HEADER = YES;
				CLANG_WARN_RANGE_LOOP_ANALYSIS = YES;
				CLANG_WARN_STRICT_PROTOTYPES = YES;
				CLANG_WARN_SUSPICIOUS_MOVE = YES;
				CLANG_WARN_UNGUARDED_AVAILABILITY = YES_AGGRESSIVE;
				CLANG_WARN_UNREACHABLE_CODE = YES;
				CLANG_WARN__DUPLICATE_METHOD_MATCH = YES;
				COPY_PHASE_STRIP = NO;
				DEBUG_INFORMATION_FORMAT = "dwarf-with-dsym";
				ENABLE_NS_ASSERTIONS = NO;
				ENABLE_STRICT_OBJC_MSGSEND = YES;
				ENABLE_USER_SCRIPT_SANDBOXING = YES;
				GCC_C_LANGUAGE_STANDARD = gnu17;
				GCC_NO_COMMON_BLOCKS = YES;
				GCC_WARN_64_TO_32_BIT_CONVERSION = YES;
				GCC_WARN_ABOUT_RETURN_TYPE = YES_ERROR;
				GCC_WARN_UNDECLARED_SELECTOR = YES;
				GCC_WARN_UNINITIALIZED_AUTOS = YES_AGGRESSIVE;
				GCC_WARN_UNUSED_FUNCTION = YES;
				GCC_WARN_UNUSED_VARIABLE = YES;
				IPHONEOS_DEPLOYMENT_TARGET = 14.0;
				LOCALIZATION_PREFERS_STRING_CATALOGS = YES;
				MTL_ENABLE_DEBUG_INFO = NO;
				MTL_FAST_MATH = YES;
				SDKROOT = iphoneos;
				SWIFT_COMPILATION_MODE = wholemodule;
				VALIDATE_PRODUCT = YES;
			};
			name = Release;
		};
		10C265C62AD55BC2002BA40A /* Debug */ = {
			isa = XCBuildConfiguration;
			buildSettings = {
				ASSETCATALOG_COMPILER_APPICON_NAME = AppIcon;
				ASSETCATALOG_COMPILER_GLOBAL_ACCENT_COLOR_NAME = AccentColor;
				CODE_SIGN_STYLE = Automatic;
				CURRENT_PROJECT_VERSION = 1;
				DEVELOPMENT_TEAM = 7425535F6V;
				GENERATE_INFOPLIST_FILE = YES;
				INFOPLIST_FILE = IDo/Info.plist;
				INFOPLIST_KEY_UIApplicationSupportsIndirectInputEvents = YES;
				INFOPLIST_KEY_UILaunchStoryboardName = LaunchScreen;
				INFOPLIST_KEY_UISupportedInterfaceOrientations_iPad = "UIInterfaceOrientationPortrait UIInterfaceOrientationPortraitUpsideDown UIInterfaceOrientationLandscapeLeft UIInterfaceOrientationLandscapeRight";
				INFOPLIST_KEY_UISupportedInterfaceOrientations_iPhone = "UIInterfaceOrientationPortrait UIInterfaceOrientationLandscapeLeft UIInterfaceOrientationLandscapeRight";
				IPHONEOS_DEPLOYMENT_TARGET = 14.0;
				LD_RUNPATH_SEARCH_PATHS = (
					"$(inherited)",
					"@executable_path/Frameworks",
				);
				MARKETING_VERSION = 1.0;
				PRODUCT_BUNDLE_IDENTIFIER = com.iOS.camp.IDo;
				PRODUCT_NAME = "$(TARGET_NAME)";
				SWIFT_EMIT_LOC_STRINGS = YES;
				SWIFT_VERSION = 5.0;
				TARGETED_DEVICE_FAMILY = "1,2";
			};
			name = Debug;
		};
		10C265C72AD55BC2002BA40A /* Release */ = {
			isa = XCBuildConfiguration;
			buildSettings = {
				ASSETCATALOG_COMPILER_APPICON_NAME = AppIcon;
				ASSETCATALOG_COMPILER_GLOBAL_ACCENT_COLOR_NAME = AccentColor;
				CODE_SIGN_STYLE = Automatic;
				CURRENT_PROJECT_VERSION = 1;
				DEVELOPMENT_TEAM = 7425535F6V;
				GENERATE_INFOPLIST_FILE = YES;
				INFOPLIST_FILE = IDo/Info.plist;
				INFOPLIST_KEY_UIApplicationSupportsIndirectInputEvents = YES;
				INFOPLIST_KEY_UILaunchStoryboardName = LaunchScreen;
				INFOPLIST_KEY_UISupportedInterfaceOrientations_iPad = "UIInterfaceOrientationPortrait UIInterfaceOrientationPortraitUpsideDown UIInterfaceOrientationLandscapeLeft UIInterfaceOrientationLandscapeRight";
				INFOPLIST_KEY_UISupportedInterfaceOrientations_iPhone = "UIInterfaceOrientationPortrait UIInterfaceOrientationLandscapeLeft UIInterfaceOrientationLandscapeRight";
				IPHONEOS_DEPLOYMENT_TARGET = 14.0;
				LD_RUNPATH_SEARCH_PATHS = (
					"$(inherited)",
					"@executable_path/Frameworks",
				);
				MARKETING_VERSION = 1.0;
				PRODUCT_BUNDLE_IDENTIFIER = com.iOS.camp.IDo;
				PRODUCT_NAME = "$(TARGET_NAME)";
				SWIFT_EMIT_LOC_STRINGS = YES;
				SWIFT_VERSION = 5.0;
				TARGETED_DEVICE_FAMILY = "1,2";
			};
			name = Release;
		};
/* End XCBuildConfiguration section */

/* Begin XCConfigurationList section */
		10C265A92AD55BBF002BA40A /* Build configuration list for PBXProject "IDo" */ = {
			isa = XCConfigurationList;
			buildConfigurations = (
				10C265C32AD55BC2002BA40A /* Debug */,
				10C265C42AD55BC2002BA40A /* Release */,
			);
			defaultConfigurationIsVisible = 0;
			defaultConfigurationName = Release;
		};
		10C265C52AD55BC2002BA40A /* Build configuration list for PBXNativeTarget "IDo" */ = {
			isa = XCConfigurationList;
			buildConfigurations = (
				10C265C62AD55BC2002BA40A /* Debug */,
				10C265C72AD55BC2002BA40A /* Release */,
			);
			defaultConfigurationIsVisible = 0;
			defaultConfigurationName = Release;
		};
/* End XCConfigurationList section */

/* Begin XCRemoteSwiftPackageReference section */
		10C265C82AD55C81002BA40A /* XCRemoteSwiftPackageReference "SnapKit" */ = {
			isa = XCRemoteSwiftPackageReference;
			repositoryURL = "https://github.com/SnapKit/SnapKit.git";
			requirement = {
				kind = upToNextMajorVersion;
				minimumVersion = 5.6.0;
			};
		};
		E73D73DA2AD7D14000EF9554 /* XCRemoteSwiftPackageReference "Tabman" */ = {
			isa = XCRemoteSwiftPackageReference;
			repositoryURL = "https://github.com/uias/Tabman.git";
			requirement = {
				kind = upToNextMajorVersion;
				minimumVersion = 3.0.2;
			};
		};
/* End XCRemoteSwiftPackageReference section */

/* Begin XCSwiftPackageProductDependency section */
		10C265C92AD55C81002BA40A /* SnapKit */ = {
			isa = XCSwiftPackageProductDependency;
			package = 10C265C82AD55C81002BA40A /* XCRemoteSwiftPackageReference "SnapKit" */;
			productName = SnapKit;
		};
		E73D73DB2AD7D14000EF9554 /* Tabman */ = {
			isa = XCSwiftPackageProductDependency;
			package = E73D73DA2AD7D14000EF9554 /* XCRemoteSwiftPackageReference "Tabman" */;
			productName = Tabman;
		};
/* End XCSwiftPackageProductDependency section */

/* Begin XCVersionGroup section */
		10C265BA2AD55BBF002BA40A /* IDo.xcdatamodeld */ = {
			isa = XCVersionGroup;
			children = (
				10C265BB2AD55BBF002BA40A /* IDo.xcdatamodel */,
			);
			currentVersion = 10C265BB2AD55BBF002BA40A /* IDo.xcdatamodel */;
			path = IDo.xcdatamodeld;
			sourceTree = "<group>";
			versionGroupType = wrapper.xcdatamodel;
		};
/* End XCVersionGroup section */
	};
	rootObject = 10C265A62AD55BBF002BA40A /* Project object */;
}
